github.com/gorilla/mux v1.8.0 h1:i40aqfkR1h2SlN9hojwV5ZA91wcXFOvkdNIeFDP5koI=
github.com/gorilla/mux v1.8.0/go.mod h1:DVbg23sWSpFRCP0SfiEN6jmj59UnW/n46BH5rLB71So=
github.com/joho/godotenv v1.4.0 h1:3l4+N6zfMWnkbPEXKng2o2/MR5mSwTrBih4ZEkkz1lg=
github.com/joho/godotenv v1.4.0/go.mod h1:f4LDr5Voq0i2e/R5DDNOoa2zzDfwtkZa6DnEwAbqwq4=
github.com/likexian/gokit v0.25.9 h1:rzSQ/dP7Qw+QUzSuWlrLF0AtZS3Di6uO5yWOKhx2Gk4=
github.com/likexian/gokit v0.25.9/go.mod h1:oDDqJUcnnF9uAKuw54F7s6oEG+OJ7eallfDW2dq0A/o=
github.com/likexian/whois v1.14.2 h1:RFtXK/2PSgl6vG1beXEwB2zCkwUWhy7A9zh258iQTqg=
github.com/likexian/whois v1.14.2/go.mod h1:uEy9dUtYzjm9aSu9Tzbp+c1YEmyjQC90tYWudwvunFk=
github.com/likexian/whois-parser v1.24.1 h1:UVV/A0hr2X4lM3rXUwjMX6x9MGfPJdJ4hCz8EjzSGNE=
github.com/likexian/whois-parser v1.24.1/go.mod h1:fT0m/HCa4PXuR4ddA5PIE9V7gTWldeiMG/AHpeAhLtg=
golang.org/x/net v0.1.0 h1:hZ/3BUoy5aId7sCpA/Tc5lt8DkFgdVS2onTpJsZ/fl0=
golang.org/x/net v0.1.0/go.mod h1:Cx3nUiGt4eDBEyega/BKRp+/AlGL8hYe7U9odMt2Cco=
golang.org/x/text v0.4.0 h1:BrVqGRd7+k1DiOgtnFvAkoQEWQvBc25ouMJM6429SFg=
golang.org/x/text v0.4.0/go.mod h1:mrYo+phRRbMaCq/xk9113O4dZlRixOauAjOtrjsXDZ8=
